
Microsoft Visual Studio Solution File, Format Version 12.00
# Visual Studio Version 17
VisualStudioVersion = 17.12.35506.116 d17.12
MinimumVisualStudioVersion = 10.0.40219.1
Project("{FAE04EC0-301F-11D3-BF4B-00C04F79EFBC}") = "WebAPI", "WebAPI\WebAPI.csproj", "{FBB64434-32BF-4666-A149-52FB3320CB7C}"
EndProject
Project("{FAE04EC0-301F-11D3-BF4B-00C04F79EFBC}") = "LazarHoratiuLab11", "LazarHoratiuLab11\LazarHoratiuLab11.csproj", "{66157C30-FAD9-46B7-8591-C035450DA56C}"
EndProject
Global
	GlobalSection(SolutionConfigurationPlatforms) = preSolution
		Debug|Any CPU = Debug|Any CPU
		Release|Any CPU = Release|Any CPU
	EndGlobalSection
	GlobalSection(ProjectConfigurationPlatforms) = postSolution
		{FBB64434-32BF-4666-A149-52FB3320CB7C}.Debug|Any CPU.ActiveCfg = Debug|Any CPU
		{FBB64434-32BF-4666-A149-52FB3320CB7C}.Debug|Any CPU.Build.0 = Debug|Any CPU
		{FBB64434-32BF-4666-A149-52FB3320CB7C}.Release|Any CPU.ActiveCfg = Release|Any CPU
		{FBB64434-32BF-4666-A149-52FB3320CB7C}.Release|Any CPU.Build.0 = Release|Any CPU
		{66157C30-FAD9-46B7-8591-C035450DA56C}.Debug|Any CPU.ActiveCfg = Debug|Any CPU
		{66157C30-FAD9-46B7-8591-C035450DA56C}.Debug|Any CPU.Build.0 = Debug|Any CPU
		{66157C30-FAD9-46B7-8591-C035450DA56C}.Debug|Any CPU.Deploy.0 = Debug|Any CPU
		{66157C30-FAD9-46B7-8591-C035450DA56C}.Release|Any CPU.ActiveCfg = Release|Any CPU
		{66157C30-FAD9-46B7-8591-C035450DA56C}.Release|Any CPU.Build.0 = Release|Any CPU
		{66157C30-FAD9-46B7-8591-C035450DA56C}.Release|Any CPU.Deploy.0 = Release|Any CPU
	EndGlobalSection
	GlobalSection(SolutionProperties) = preSolution
		HideSolutionNode = FALSE
	EndGlobalSection
EndGlobal
